schema: '2.0'
stages:
  data_ingestion:
    cmd: python src/cnnClassifier/pipeline/stage01_data_ingestion.py
    deps:
    - path: config.yaml
      hash: md5
      md5: 6daea334fd8e8436198f5799a28ce785
      size: 589
    - path: src/cnnClassifier/pipeline/stage01_data_ingestion.py
      hash: md5
      md5: 1aacad7a485cae2ac5420d3a70b3d0fd
      size: 937
    outs:
    - path: artifacts/data_ingestion/Chest-CT-Scan-data
      hash: md5
      md5: 904fa45d934ce879b3b1933dca6cb2f1.dir
      size: 49247431
      nfiles: 343
  prepare_base_model:
    cmd: python src/cnnClassifier/pipeline/stage02_prepare_base_model.py
    deps:
    - path: config.yaml
      hash: md5
      md5: 6daea334fd8e8436198f5799a28ce785
      size: 589
    - path: src/cnnClassifier/pipeline/stage02_prepare_base_model.py
      hash: md5
      md5: 3d6e00bcfd577886a45db4fda9c952db
      size: 999
    params:
      params.yaml:
        CLASSES: 2
        IMAGE_SIZE:
        - 224
        - 224
        - 3
        INCLUDE_TOP: false
        LEARNING_RATE: 0.01
        WEIGHTS: imagenet
    outs:
    - path: artifacts/prepare_base_model
      hash: md5
      md5: e1cf337dd3c620c660e9f4a1bee6e251.dir
      size: 118054560
      nfiles: 2
  training:
    cmd: python src/cnnClassifier/pipeline/stage03_model_trainer.py
    deps:
    - path: artifacts/data_ingestion/Chest-CT-Scan-data
      hash: md5
      md5: 904fa45d934ce879b3b1933dca6cb2f1.dir
      size: 49247431
      nfiles: 343
    - path: artifacts/prepare_base_model
      hash: md5
      md5: e1cf337dd3c620c660e9f4a1bee6e251.dir
      size: 118054560
      nfiles: 2
    - path: config.yaml
      hash: md5
      md5: 6daea334fd8e8436198f5799a28ce785
      size: 589
    - path: src/cnnClassifier/pipeline/stage03_model_trainer.py
      hash: md5
      md5: 2471785fbf53cfe606cd3ce184619143
      size: 928
    params:
      params.yaml:
        AUGMENTATION: true
        BATCH_SIZE: 16
        EPOCHS: 5
        IMAGE_SIZE:
        - 224
        - 224
        - 3
    outs:
    - path: artifacts/training/model.h5
      hash: md5
      md5: b969f3f917d9b3d9105e630142315544
      size: 59337520
  evaluation:
    cmd: python src/cnnClassifier/pipeline/stage04_model_evaluation.py
    deps:
    - path: artifacts/data_ingestion/Chest-CT-Scan-data
      hash: md5
      md5: 904fa45d934ce879b3b1933dca6cb2f1.dir
      size: 49247431
      nfiles: 343
    - path: artifacts/training/model.h5
      hash: md5
      md5: b969f3f917d9b3d9105e630142315544
      size: 59337520
    - path: config.yaml
      hash: md5
      md5: 6daea334fd8e8436198f5799a28ce785
      size: 589
    - path: src/cnnClassifier/pipeline/stage04_model_evaluation.py
      hash: md5
      md5: 5b9ae104156d8bec64487e0182273b3f
      size: 891
    params:
      params.yaml:
        BATCH_SIZE: 16
        IMAGE_SIZE:
        - 224
        - 224
        - 3
    outs:
    - path: scores.json
      hash: md5
      md5: e6d65e149c69af5111cf7d7b6fa4d9c4
      size: 74
